{
  "name": "@lwce/router",
  "version": "0.0.1",
  "lockfileVersion": 1,
  "requires": true,
  "dependencies": {
    "@lwc/wire-service": {
      "version": "1.1.1",
      "resolved": "https://registry.npmjs.org/@lwc/wire-service/-/wire-service-1.1.1.tgz",
      "integrity": "sha512-/BB4tWxCzJ8ohzilvKF5DE9FKEJgL9xYwJM3ghH8SDawbmH/sSDYtwKfMIGfRNZNjSanQ2n7wUbZZsZLc0j7PA=="
    }
  }
}
